{
    "_readme": [
        "This file locks the dependencies of your project to a known state",
        "Read more about it at https://getcomposer.org/doc/01-basic-usage.md#composer-lock-the-lock-file",
        "This file is @generated automatically"
    ],
    "content-hash": "c1721a54a11fa639c7a766a6c000bab0",
    "packages": [
        {
            "name": "bower-asset/bootbox",
            "version": "v4.4.0",
            "source": {
                "type": "git",
                "url": "https://github.com/makeusabrew/bootbox.git",
                "reference": "cb756203e250ed0ff2539359ff0ad1c3ffb8e8d3"
            },
            "dist": {
                "type": "zip",
                "url": "https://api.github.com/repos/makeusabrew/bootbox/zipball/cb756203e250ed0ff2539359ff0ad1c3ffb8e8d3",
                "reference": "cb756203e250ed0ff2539359ff0ad1c3ffb8e8d3",
                "shasum": ""
            },
            "require": {
                "bower-asset/bootstrap": ">=3.0.0"
            },
            "type": "bower-asset-library",
            "extra": {
                "bower-asset-main": "./bootbox.js",
                "bower-asset-ignore": [
                    "CHANGELOG.md",
                    "CONTRIBUTING",
                    "Gruntfile.js",
                    "header.txt",
                    "karma*.js",
                    "build",
                    "tests"
                ]
            }
        },
        {
            "name": "bower-asset/bootstrap",
            "version": "v3.3.7",
            "source": {
                "type": "git",
                "url": "https://github.com/twbs/bootstrap.git",
                "reference": "0b9c4a4007c44201dce9a6cc1a38407005c26c86"
            },
            "dist": {
                "type": "zip",
                "url": "https://api.github.com/repos/twbs/bootstrap/zipball/0b9c4a4007c44201dce9a6cc1a38407005c26c86",
                "reference": "0b9c4a4007c44201dce9a6cc1a38407005c26c86",
                "shasum": ""
            },
            "require": {
                "bower-asset/jquery": ">=1.9.1,<4.0"
            },
            "type": "bower-asset-library",
            "extra": {
                "bower-asset-main": [
                    "less/bootstrap.less",
                    "dist/js/bootstrap.js"
                ],
                "bower-asset-ignore": [
                    "/.*",
                    "_config.yml",
                    "CNAME",
                    "composer.json",
                    "CONTRIBUTING.md",
                    "docs",
                    "js/tests",
                    "test-infra"
                ]
            },
            "license": [
                "MIT"
            ],
            "description": "The most popular front-end framework for developing responsive, mobile first projects on the web.",
            "keywords": [
                "css",
                "framework",
                "front-end",
                "js",
                "less",
                "mobile-first",
                "responsive",
                "web"
            ]
        },
        {
            "name": "bower-asset/interact",
            "version": "v1.2.8",
            "source": {
                "type": "git",
                "url": "https://github.com/taye/interact.js.git",
                "reference": "9ac8acd60f9ec4ef9f318f8225fc85348ce5b236"
            },
            "dist": {
                "type": "zip",
                "url": "https://api.github.com/repos/taye/interact.js/zipball/9ac8acd60f9ec4ef9f318f8225fc85348ce5b236",
                "reference": "9ac8acd60f9ec4ef9f318f8225fc85348ce5b236",
                "shasum": ""
            },
            "require-dev": {
                "bower-asset/chai": "*",
                "bower-asset/mocha": "*"
            },
            "type": "bower-asset-library",
            "extra": {
                "bower-asset-main": "interact.js",
                "bower-asset-ignore": [
                    ".*",
                    "test",
                    "demo",
                    "img",
                    "docs"
                ]
            },
            "license": [
                "MIT"
            ],
            "description": "Drag and drop, resizing and multi-touch gestures with inertia and snapping for modern browsers (and also IE8+)",
            "keywords": [
                "SVG",
                "autoscroll",
                "drag",
                "drag and drop",
                "draggable",
                "drop",
                "droppable",
                "gesture",
                "grid",
                "inertia",
                "interact.js",
                "multi-touch",
                "resize",
                "snap",
                "touch"
            ]
        },
        {
            "name": "bower-asset/jquery",
            "version": "2.2.4",
            "source": {
                "type": "git",
                "url": "https://github.com/jquery/jquery-dist.git",
                "reference": "c0185ab7c75aab88762c5aae780b9d83b80eda72"
            },
            "dist": {
                "type": "zip",
                "url": "https://api.github.com/repos/jquery/jquery-dist/zipball/c0185ab7c75aab88762c5aae780b9d83b80eda72",
                "reference": "c0185ab7c75aab88762c5aae780b9d83b80eda72",
                "shasum": ""
            },
            "type": "bower-asset-library",
            "extra": {
                "bower-asset-main": "dist/jquery.js",
                "bower-asset-ignore": [
                    "package.json"
                ]
            },
            "license": [
                "MIT"
            ],
            "keywords": [
                "browser",
                "javascript",
                "jquery",
                "library"
            ]
        },
        {
            "name": "bower-asset/jquery.inputmask",
            "version": "3.3.4",
            "source": {
                "type": "git",
                "url": "https://github.com/RobinHerbots/Inputmask.git",
                "reference": "8a882bc471ba4077c4f8ecbe3d9d61c7558f3ef2"
            },
            "dist": {
                "type": "zip",
                "url": "https://api.github.com/repos/RobinHerbots/Inputmask/zipball/8a882bc471ba4077c4f8ecbe3d9d61c7558f3ef2",
                "reference": "8a882bc471ba4077c4f8ecbe3d9d61c7558f3ef2",
                "shasum": ""
            },
            "require": {
                "bower-asset/jquery": ">=1.7"
            },
            "type": "bower-asset-library",
            "extra": {
                "bower-asset-main": [
                    "./dist/inputmask/inputmask.dependencyLib",
                    "./dist/inputmask/inputmask",
                    "./dist/inputmask/inputmask.extensions",
                    "./dist/inputmask/inputmask.date.extensions",
                    "./dist/inputmask/inputmask.numeric.extensions",
                    "./dist/inputmask/inputmask.phone.extensions",
                    "./dist/inputmask/inputmask.regex.extensions",
                    "./dist/inputmask/jquery.inputmask"
                ],
                "bower-asset-ignore": [
                    "**/*",
                    "!dist/*",
                    "!dist/inputmask/*",
                    "!dist/min/*",
                    "!dist/min/inputmask/*",
                    "!extra/bindings/*",
                    "!extra/dependencyLibs/*",
                    "!extra/phone-codes/*"
                ]
            },
            "license": [
                "http://opensource.org/licenses/mit-license.php"
            ],
            "description": "jquery.inputmask is a jquery plugin which create an input mask.",
            "keywords": [
                "form",
                "input",
                "inputmask",
                "jquery",
                "mask",
                "plugins"
            ]
        },
        {
            "name": "bower-asset/jquery.nicescroll",
            "version": "v3.6.8-patch1",
            "source": {
                "type": "git",
                "url": "https://github.com/inuyaksa/jquery.nicescroll.git",
                "reference": "25737c1a8ecfaccf219a13142d300b64e52e6b58"
            },
            "dist": {
                "type": "zip",
                "url": "https://api.github.com/repos/inuyaksa/jquery.nicescroll/zipball/25737c1a8ecfaccf219a13142d300b64e52e6b58",
                "reference": "25737c1a8ecfaccf219a13142d300b64e52e6b58",
                "shasum": ""
            },
            "require": {
                "bower-asset/jquery": ">=1.8.3"
            },
            "type": "bower-asset-library",
            "extra": {
                "bower-asset-main": [
                    "./jquery.nicescroll.js",
                    "./zoomico.png"
                ],
                "bower-asset-ignore": [
                    "**/.*",
                    "demo",
                    "package.json"
                ]
            }
        },
        {
            "name": "bower-asset/js-cookie",
            "version": "v2.1.3",
            "source": {
                "type": "git",
                "url": "https://github.com/js-cookie/js-cookie.git",
                "reference": "68acf18560eb7a5d21db7197ae24d975971d1ae0"
            },
            "dist": {
                "type": "zip",
                "url": "https://api.github.com/repos/js-cookie/js-cookie/zipball/68acf18560eb7a5d21db7197ae24d975971d1ae0",
                "reference": "68acf18560eb7a5d21db7197ae24d975971d1ae0",
                "shasum": ""
            },
            "type": "bower-asset-library",
            "extra": {
                "bower-asset-main": [
                    "src/js.cookie.js"
                ],
                "bower-asset-ignore": [
                    "travis.sh",
                    "test",
                    "Gruntfile.js",
                    "package.json",
                    ".gitignore",
                    ".jshintignore",
                    ".jshintrc",
                    ".tm_properties",
                    ".travis.yml"
                ]
            },
            "license": [
                "MIT"
            ]
        },
        {
            "name": "bower-asset/microplugin",
            "version": "v0.0.3",
            "source": {
                "type": "git",
                "url": "https://github.com/brianreavis/microplugin.js.git",
                "reference": "d8671e6cc769938648f8735610534427cdeeaf67"
            },
            "dist": {
                "type": "zip",
                "url": "https://api.github.com/repos/brianreavis/microplugin.js/zipball/d8671e6cc769938648f8735610534427cdeeaf67",
                "reference": "d8671e6cc769938648f8735610534427cdeeaf67",
                "shasum": ""
            },
            "type": "bower-asset-library",
            "extra": {
                "bower-asset-main": [
                    "src/microplugin.js"
                ],
                "bower-asset-ignore": [
                    "Makefile",
                    "test",
                    ".travis.yml",
                    ".npmignore.yml"
                ]
            },
            "license": [
                "Apache License, Version 2.0"
            ],
            "description": "A lightweight plugin / dependency system for javascript libraries.",
            "keywords": [
                "architecture",
                "dependencies",
                "extensibility",
                "plugins",
                "require"
            ]
        },
        {
            "name": "bower-asset/punycode",
            "version": "v1.3.2",
            "source": {
                "type": "git",
                "url": "https://github.com/bestiejs/punycode.js.git",
                "reference": "38c8d3131a82567bfef18da09f7f4db68c84f8a3"
            },
            "dist": {
                "type": "zip",
                "url": "https://api.github.com/repos/bestiejs/punycode.js/zipball/38c8d3131a82567bfef18da09f7f4db68c84f8a3",
                "reference": "38c8d3131a82567bfef18da09f7f4db68c84f8a3",
                "shasum": ""
            },
            "type": "bower-asset-library",
            "extra": {
                "bower-asset-main": "punycode.js",
                "bower-asset-ignore": [
                    "coverage",
                    "tests",
                    ".*",
                    "component.json",
                    "Gruntfile.js",
                    "node_modules",
                    "package.json"
                ]
            }
        },
        {
            "name": "bower-asset/selectize",
            "version": "v0.12.4",
            "source": {
                "type": "git",
                "url": "https://github.com/selectize/selectize.js.git",
                "reference": "47e048662d865c4f1ea3b2337de5e06e92fd9530"
            },
            "dist": {
                "type": "zip",
                "url": "https://api.github.com/repos/selectize/selectize.js/zipball/47e048662d865c4f1ea3b2337de5e06e92fd9530",
                "reference": "47e048662d865c4f1ea3b2337de5e06e92fd9530",
                "shasum": ""
            },
            "require": {
                "bower-asset/jquery": ">=1.7.0",
                "bower-asset/microplugin": "dev-0.0.x|0.0.x",
                "bower-asset/sifter": "dev-0.5.x|0.5.x"
            },
            "require-dev": {
                "bower-asset/bootstrap-2": "~2",
                "bower-asset/bootstrap-3.2": "3.2"
            },
            "type": "bower-asset-library",
            "extra": {
                "bower-asset-main": [
                    "dist/css/selectize.css",
                    "dist/js/selectize.js"
                ],
                "bower-asset-ignore": [
                    "Makefile",
                    "Gruntfile.js",
                    "examples",
                    "node_modules",
                    "bower_components",
                    "docs",
                    "src",
                    "test",
                    ".travis.yml",
                    "testem.json",
                    "selectize.jquery.json",
                    "*.sh",
                    "package.json"
                ]
            },
            "license": [
                "Apache License, Version 2.0"
            ],
            "description": "Selectize is a jQuery-based custom <select> UI control. Useful for tagging, contact lists, country selectors, etc.",
            "keywords": [
                "autocomplete",
                "control",
                "form",
                "input",
                "select",
                "tag",
                "tagging",
                "ui"
            ]
        },
        {
            "name": "bower-asset/sifter",
            "version": "v0.5.2",
            "source": {
                "type": "git",
                "url": "https://github.com/brianreavis/sifter.js.git",
                "reference": "4ba7422542bf188c1fdb4bbc341fc4fcc1ff0680"
            },
            "dist": {
                "type": "zip",
                "url": "https://api.github.com/repos/brianreavis/sifter.js/zipball/4ba7422542bf188c1fdb4bbc341fc4fcc1ff0680",
                "reference": "4ba7422542bf188c1fdb4bbc341fc4fcc1ff0680",
                "shasum": ""
            },
            "type": "bower-asset-library",
            "extra": {
                "bower-asset-main": [
                    "sifter.js"
                ],
                "bower-asset-ignore": [
                    "Makefile",
                    "test",
                    "lib",
                    "bin",
                    "benchmark",
                    "node_modules",
                    ".travis.yml"
                ]
            },
            "license": [
                "Apache License, Version 2.0"
            ],
            "description": "A library for textually searching arrays and hashes of objects by property (or multiple properties). Designed specifically for autocomplete.",
            "keywords": [
                "autocomplete",
                "data",
                "filter",
                "match",
                "results",
                "search",
                "sift",
                "sort"
            ]
        },
        {
            "name": "bower-asset/summernote",
            "version": "v0.8.2",
            "source": {
                "type": "git",
                "url": "https://github.com/summernote/summernote.git",
                "reference": "9a5e5abe214f194d920b219c409322dfa7688c8c"
            },
            "dist": {
                "type": "zip",
                "url": "https://api.github.com/repos/summernote/summernote/zipball/9a5e5abe214f194d920b219c409322dfa7688c8c",
                "reference": "9a5e5abe214f194d920b219c409322dfa7688c8c",
                "shasum": ""
            },
            "require": {
                "bower-asset/bootstrap": ">=3.0.1",
                "bower-asset/jquery": ">=1.9.0"
            },
            "type": "bower-asset-library",
            "extra": {
                "bower-asset-main": [
                    "./dist/summernote.js",
                    "./dist/summernote.css"
                ],
                "bower-asset-ignore": [
                    "**/.*",
                    "Gruntfile.js",
                    "MAINTAIN.md",
                    "grunts",
                    "node_modules",
                    "bower_components",
                    "test"
                ]
            },
            "license": [
                "MIT"
            ]
        },
        {
            "name": "bower-asset/yii2-pjax",
            "version": "v2.0.6",
            "source": {
                "type": "git",
                "url": "https://github.com/yiisoft/jquery-pjax.git",
                "reference": "60728da6ade5879e807a49ce59ef9a72039b8978"
            },
            "dist": {
                "type": "zip",
                "url": "https://api.github.com/repos/yiisoft/jquery-pjax/zipball/60728da6ade5879e807a49ce59ef9a72039b8978",
                "reference": "60728da6ade5879e807a49ce59ef9a72039b8978",
                "shasum": ""
            },
            "require": {
                "bower-asset/jquery": ">=1.8"
            },
            "type": "bower-asset-library",
            "extra": {
                "bower-asset-main": "./jquery.pjax.js",
                "bower-asset-ignore": [
                    ".travis.yml",
                    "Gemfile",
                    "Gemfile.lock",
                    "CONTRIBUTING.md",
                    "vendor/",
                    "script/",
                    "test/"
                ]
            },
            "license": [
                "MIT"
            ]
        },
        {
            "name": "cebe/markdown",
            "version": "1.1.1",
            "source": {
                "type": "git",
                "url": "https://github.com/cebe/markdown.git",
                "reference": "c30eb5e01fe021cc5bba2f9ee0eeef96d4931166"
            },
            "dist": {
                "type": "zip",
                "url": "https://api.github.com/repos/cebe/markdown/zipball/c30eb5e01fe021cc5bba2f9ee0eeef96d4931166",
                "reference": "c30eb5e01fe021cc5bba2f9ee0eeef96d4931166",
                "shasum": ""
            },
            "require": {
                "lib-pcre": "*",
                "php": ">=5.4.0"
            },
            "require-dev": {
                "cebe/indent": "*",
                "facebook/xhprof": "*@dev",
                "phpunit/phpunit": "4.1.*"
            },
            "bin": [
                "bin/markdown"
            ],
            "type": "library",
            "extra": {
                "branch-alias": {
                    "dev-master": "1.1.x-dev"
                }
            },
            "autoload": {
                "psr-4": {
                    "cebe\\markdown\\": ""
                }
            },
            "notification-url": "https://packagist.org/downloads/",
            "license": [
                "MIT"
            ],
            "authors": [
                {
                    "name": "Carsten Brandt",
                    "email": "mail@cebe.cc",
                    "homepage": "http://cebe.cc/",
                    "role": "Creator"
                }
            ],
            "description": "A super fast, highly extensible markdown parser for PHP",
            "homepage": "https://github.com/cebe/markdown#readme",
            "keywords": [
                "extensible",
                "fast",
                "gfm",
                "markdown",
                "markdown-extra"
            ],
            "time": "2016-09-14T20:40:20+00:00"
        },
        {
            "name": "ezyang/htmlpurifier",
            "version": "v4.8.0",
            "source": {
                "type": "git",
                "url": "https://github.com/ezyang/htmlpurifier.git",
                "reference": "d0c392f77d2f2a3dcf7fcb79e2a1e2b8804e75b2"
            },
            "dist": {
                "type": "zip",
                "url": "https://api.github.com/repos/ezyang/htmlpurifier/zipball/d0c392f77d2f2a3dcf7fcb79e2a1e2b8804e75b2",
                "reference": "d0c392f77d2f2a3dcf7fcb79e2a1e2b8804e75b2",
                "shasum": ""
            },
            "require": {
                "php": ">=5.2"
            },
            "type": "library",
            "autoload": {
                "psr-0": {
                    "HTMLPurifier": "library/"
                },
                "files": [
                    "library/HTMLPurifier.composer.php"
                ]
            },
            "notification-url": "https://packagist.org/downloads/",
            "license": [
                "LGPL"
            ],
            "authors": [
                {
                    "name": "Edward Z. Yang",
                    "email": "admin@htmlpurifier.org",
                    "homepage": "http://ezyang.com"
                }
            ],
            "description": "Standards compliant HTML filter written in PHP",
            "homepage": "http://htmlpurifier.org/",
            "keywords": [
                "html"
            ],
            "time": "2016-07-16T12:58:58+00:00"
        },
        {
            "name": "paulzi/yii2-adjacency-list",
            "version": "v2.0.4",
            "source": {
                "type": "git",
                "url": "https://github.com/paulzi/yii2-adjacency-list.git",
                "reference": "9371a006a82fcc64220ec084d51f5f7e431bda6c"
            },
            "dist": {
                "type": "zip",
                "url": "https://api.github.com/repos/paulzi/yii2-adjacency-list/zipball/9371a006a82fcc64220ec084d51f5f7e431bda6c",
                "reference": "9371a006a82fcc64220ec084d51f5f7e431bda6c",
                "shasum": ""
            },
            "require": {
                "paulzi/yii2-sortable": "~1.0",
                "php": ">=5.4.0",
                "yiisoft/yii2": "~2.0.0"
            },
            "require-dev": {
                "phpunit/dbunit": "~1.0",
                "phpunit/phpunit": "~4.0"
            },
            "type": "yii2-extension",
            "autoload": {
                "psr-4": {
                    "paulzi\\adjacencyList\\": ""
                }
            },
            "notification-url": "https://packagist.org/downloads/",
            "license": [
                "MIT"
            ],
            "authors": [
                {
                    "name": "PaulZi",
                    "email": "pavel.zimakoff@gmail.com"
                }
            ],
            "description": "Adjacency List Behavior for Yii2",
            "keywords": [
                "adjacency list",
                "yii2"
            ],
            "time": "2016-10-13T22:16:03+00:00"
        },
        {
            "name": "paulzi/yii2-auto-tree",
            "version": "v1.0.4",
            "source": {
                "type": "git",
                "url": "https://github.com/paulzi/yii2-auto-tree.git",
                "reference": "4103fb4b9843470b75cde1d67455e89739f7b9e6"
            },
            "dist": {
                "type": "zip",
                "url": "https://api.github.com/repos/paulzi/yii2-auto-tree/zipball/4103fb4b9843470b75cde1d67455e89739f7b9e6",
                "reference": "4103fb4b9843470b75cde1d67455e89739f7b9e6",
                "shasum": ""
            },
            "require": {
                "php": ">=5.4.0",
                "yiisoft/yii2": "~2.0.0"
            },
            "require-dev": {
                "paulzi/yii2-adjacency-list": "^2.0.3",
                "paulzi/yii2-materialized-path": "^2.0.6",
                "paulzi/yii2-nested-intervals": "^1.0.5",
                "paulzi/yii2-nested-sets": "^1.0.4",
                "phpunit/dbunit": "~1.0",
                "phpunit/phpunit": "~4.0"
            },
            "type": "yii2-extension",
            "autoload": {
                "psr-4": {
                    "paulzi\\autotree\\": ""
                }
            },
            "notification-url": "https://packagist.org/downloads/",
            "license": [
                "MIT"
            ],
            "authors": [
                {
                    "name": "PaulZi",
                    "email": "pavel.zimakoff@gmail.com"
                }
            ],
            "description": "Allow apply multiple tree behavior for ActiveRecord in Yii2",
            "keywords": [
                "adjacency list",
                "auto tree",
                "materialized path",
                "nested intervals",
                "nested sets",
                "yii2"
            ],
            "time": "2016-07-21T14:14:10+00:00"
        },
        {
            "name": "paulzi/yii2-materialized-path",
            "version": "v2.0.8",
            "source": {
                "type": "git",
                "url": "https://github.com/paulzi/yii2-materialized-path.git",
                "reference": "132f963da78137013f8748bd6a6e55a6e813c265"
            },
            "dist": {
                "type": "zip",
                "url": "https://api.github.com/repos/paulzi/yii2-materialized-path/zipball/132f963da78137013f8748bd6a6e55a6e813c265",
                "reference": "132f963da78137013f8748bd6a6e55a6e813c265",
                "shasum": ""
            },
            "require": {
                "paulzi/yii2-sortable": "~1.0",
                "php": ">=5.4.0",
                "yiisoft/yii2": "~2.0.0"
            },
            "require-dev": {
                "phpunit/dbunit": "~1.0",
                "phpunit/phpunit": "~4.0"
            },
            "type": "yii2-extension",
            "autoload": {
                "psr-4": {
                    "paulzi\\materializedPath\\": ""
                }
            },
            "notification-url": "https://packagist.org/downloads/",
            "license": [
                "MIT"
            ],
            "authors": [
                {
                    "name": "PaulZi",
                    "email": "pavel.zimakoff@gmail.com"
                }
            ],
            "description": "Materialized Path Behavior for Yii2",
            "keywords": [
                "materialized path",
                "yii2"
            ],
            "time": "2016-10-13T22:19:19+00:00"
        },
        {
            "name": "paulzi/yii2-sortable",
            "version": "v1.0.2",
            "source": {
                "type": "git",
                "url": "https://github.com/paulzi/yii2-sortable.git",
                "reference": "2d51e8a923acb4cc385e8d28faa0e8d179aa014e"
            },
            "dist": {
                "type": "zip",
                "url": "https://api.github.com/repos/paulzi/yii2-sortable/zipball/2d51e8a923acb4cc385e8d28faa0e8d179aa014e",
                "reference": "2d51e8a923acb4cc385e8d28faa0e8d179aa014e",
                "shasum": ""
            },
            "require": {
                "php": ">=5.4.0",
                "yiisoft/yii2": "~2.0.0"
            },
            "require-dev": {
                "phpunit/dbunit": "~1.0",
                "phpunit/phpunit": "~4.0"
            },
            "type": "yii2-extension",
            "autoload": {
                "psr-4": {
                    "paulzi\\sortable\\": ""
                }
            },
            "notification-url": "https://packagist.org/downloads/",
            "license": [
                "MIT"
            ],
            "authors": [
                {
                    "name": "PaulZi",
                    "email": "pavel.zimakoff@gmail.com"
                }
            ],
            "description": "Sortable Behavior for Yii2",
            "keywords": [
                "sortable",
                "yii2"
            ],
            "time": "2016-08-31T10:37:13+00:00"
        },
        {
            "name": "yiisoft/yii2",
            "version": "2.0.11.2",
            "source": {
                "type": "git",
                "url": "https://github.com/yiisoft/yii2-framework.git",
                "reference": "ee996adec1dfd7babb67bd0c604f5bd6425fe5ab"
            },
            "dist": {
                "type": "zip",
                "url": "https://api.github.com/repos/yiisoft/yii2-framework/zipball/ee996adec1dfd7babb67bd0c604f5bd6425fe5ab",
                "reference": "ee996adec1dfd7babb67bd0c604f5bd6425fe5ab",
                "shasum": ""
            },
            "require": {
                "bower-asset/jquery": "2.2.*@stable | 2.1.*@stable | 1.11.*@stable | 1.12.*@stable",
                "bower-asset/jquery.inputmask": "~3.2.2 | ~3.3.3",
                "bower-asset/punycode": "1.3.*",
                "bower-asset/yii2-pjax": "~2.0.1",
                "cebe/markdown": "~1.0.0 | ~1.1.0",
                "ext-ctype": "*",
                "ext-mbstring": "*",
                "ezyang/htmlpurifier": "~4.6",
                "lib-pcre": "*",
                "php": ">=5.4.0",
                "yiisoft/yii2-composer": "~2.0.4"
            },
            "bin": [
                "yii"
            ],
            "type": "library",
            "extra": {
                "branch-alias": {
                    "dev-master": "2.0.x-dev"
                }
            },
            "autoload": {
                "psr-4": {
                    "yii\\": ""
                }
            },
            "notification-url": "https://packagist.org/downloads/",
            "license": [
                "BSD-3-Clause"
            ],
            "authors": [
                {
                    "name": "Qiang Xue",
                    "email": "qiang.xue@gmail.com",
                    "homepage": "http://www.yiiframework.com/",
                    "role": "Founder and project lead"
                },
                {
                    "name": "Alexander Makarov",
                    "email": "sam@rmcreative.ru",
                    "homepage": "http://rmcreative.ru/",
                    "role": "Core framework development"
                },
                {
                    "name": "Maurizio Domba",
                    "homepage": "http://mdomba.info/",
                    "role": "Core framework development"
                },
                {
                    "name": "Carsten Brandt",
                    "email": "mail@cebe.cc",
                    "homepage": "http://cebe.cc/",
                    "role": "Core framework development"
                },
                {
                    "name": "Timur Ruziev",
                    "email": "resurtm@gmail.com",
                    "homepage": "http://resurtm.com/",
                    "role": "Core framework development"
                },
                {
                    "name": "Paul Klimov",
                    "email": "klimov.paul@gmail.com",
                    "role": "Core framework development"
                },
                {
                    "name": "Dmitry Naumenko",
                    "email": "d.naumenko.a@gmail.com",
                    "role": "Core framework development"
                },
                {
                    "name": "Boudewijn Vahrmeijer",
                    "email": "info@dynasource.eu",
                    "homepage": "http://dynasource.eu",
                    "role": "Core framework development"
                }
            ],
            "description": "Yii PHP Framework Version 2",
            "homepage": "http://www.yiiframework.com/",
            "keywords": [
                "framework",
                "yii2"
            ],
            "time": "2017-02-08T09:04:32+00:00"
        },
        {
            "name": "yiisoft/yii2-composer",
            "version": "2.0.5",
            "source": {
                "type": "git",
                "url": "https://github.com/yiisoft/yii2-composer.git",
                "reference": "3f4923c2bde6caf3f5b88cc22fdd5770f52f8df2"
            },
            "dist": {
                "type": "zip",
                "url": "https://api.github.com/repos/yiisoft/yii2-composer/zipball/3f4923c2bde6caf3f5b88cc22fdd5770f52f8df2",
                "reference": "3f4923c2bde6caf3f5b88cc22fdd5770f52f8df2",
                "shasum": ""
            },
            "require": {
                "composer-plugin-api": "^1.0"
            },
            "require-dev": {
                "composer/composer": "^1.0"
            },
            "type": "composer-plugin",
            "extra": {
                "class": "yii\\composer\\Plugin",
                "branch-alias": {
                    "dev-master": "2.0.x-dev"
                }
            },
            "autoload": {
                "psr-4": {
                    "yii\\composer\\": ""
                }
            },
            "notification-url": "https://packagist.org/downloads/",
            "license": [
                "BSD-3-Clause"
            ],
            "authors": [
                {
                    "name": "Qiang Xue",
                    "email": "qiang.xue@gmail.com"
                }
            ],
            "description": "The composer plugin for Yii extension installer",
            "keywords": [
                "composer",
                "extension installer",
                "yii2"
            ],
            "time": "2016-12-20T13:26:02+00:00"
        }
    ],
    "packages-dev": [],
    "aliases": [],
    "minimum-stability": "stable",
    "stability-flags": [],
    "prefer-stable": false,
    "prefer-lowest": false,
    "platform": [],
    "platform-dev": []
}
